
Microsoft Visual Studio Solution File, Format Version 12.00
# Visual Studio Version 17
VisualStudioVersion = 17.6.33815.320
MinimumVisualStudioVersion = 10.0.40219.1
Project("{FAE04EC0-301F-11D3-BF4B-00C04F79EFBC}") = "G202CHAnSaleDDTM", "G202CHAnSaleDDTM.csproj", "{56DF0CDA-83BF-4B7D-BE31-F76F8747F0C4}"
EndProject
Project("{54435603-DBB4-11D2-8724-00A0C9A8B90C}") = "G202An_SaleDDTM", "G202An_SaleDDTM\G202An_SaleDDTM.vdproj", "{B8B9014A-E7FD-478B-9F63-4E8B84832ED3}"
EndProject
Global
	GlobalSection(SolutionConfigurationPlatforms) = preSolution
		Debug|Any CPU = Debug|Any CPU
		Release|Any CPU = Release|Any CPU
	EndGlobalSection
	GlobalSection(ProjectConfigurationPlatforms) = postSolution
		{56DF0CDA-83BF-4B7D-BE31-F76F8747F0C4}.Debug|Any CPU.ActiveCfg = Debug|Any CPU
		{56DF0CDA-83BF-4B7D-BE31-F76F8747F0C4}.Debug|Any CPU.Build.0 = Debug|Any CPU
		{56DF0CDA-83BF-4B7D-BE31-F76F8747F0C4}.Release|Any CPU.ActiveCfg = Release|Any CPU
		{56DF0CDA-83BF-4B7D-BE31-F76F8747F0C4}.Release|Any CPU.Build.0 = Release|Any CPU
		{B8B9014A-E7FD-478B-9F63-4E8B84832ED3}.Debug|Any CPU.ActiveCfg = Debug
		{B8B9014A-E7FD-478B-9F63-4E8B84832ED3}.Debug|Any CPU.Build.0 = Debug
		{B8B9014A-E7FD-478B-9F63-4E8B84832ED3}.Release|Any CPU.ActiveCfg = Release
	EndGlobalSection
	GlobalSection(SolutionProperties) = preSolution
		HideSolutionNode = FALSE
	EndGlobalSection
	GlobalSection(ExtensibilityGlobals) = postSolution
		SolutionGuid = {6655E36A-690D-4627-A6F5-517BE8CEDEB3}
	EndGlobalSection
EndGlobal
